Microsoft Visual Studio Solution File, Format Version 12.00
# Visual Studio Version 17
VisualStudioVersion = 17.5.2.0
MinimumVisualStudioVersion = 10.0.40219.1
Project("{FAE04EC0-301F-11D3-BF4B-00C04F79EFBC}") = "SplitStringForHP", "SplitStringForHP.csproj", "{78DBDD9E-202F-9195-812B-A1368CB6CFB0}"
EndProject
Global
	GlobalSection(SolutionConfigurationPlatforms) = preSolution
		Debug|Any CPU = Debug|Any CPU
		Release|Any CPU = Release|Any CPU
	EndGlobalSection
	GlobalSection(ProjectConfigurationPlatforms) = postSolution
		{78DBDD9E-202F-9195-812B-A1368CB6CFB0}.Debug|Any CPU.ActiveCfg = Debug|Any CPU
		{78DBDD9E-202F-9195-812B-A1368CB6CFB0}.Debug|Any CPU.Build.0 = Debug|Any CPU
		{78DBDD9E-202F-9195-812B-A1368CB6CFB0}.Release|Any CPU.ActiveCfg = Release|Any CPU
		{78DBDD9E-202F-9195-812B-A1368CB6CFB0}.Release|Any CPU.Build.0 = Release|Any CPU
	EndGlobalSection
	GlobalSection(SolutionProperties) = preSolution
		HideSolutionNode = FALSE
	EndGlobalSection
	GlobalSection(ExtensibilityGlobals) = postSolution
		SolutionGuid = {F7E5F5B0-61C7-47DE-8345-A851E90A3120}
	EndGlobalSection
EndGlobal
